
Microsoft Visual Studio Solution File, Format Version 12.00
# Visual Studio Version 16
VisualStudioVersion = 16.0.29609.76
MinimumVisualStudioVersion = 10.0.40219.1
Project("{FAE04EC0-301F-11D3-BF4B-00C04F79EFBC}") = "CodeEndeavors.Extensions", "CodeEndeavors.Extensions\CodeEndeavors.Extensions.csproj", "{AEF255A3-9CF0-42EF-96DE-DDCA673BF92E}"
EndProject
Project("{FAE04EC0-301F-11D3-BF4B-00C04F79EFBC}") = "CodeEndeavors.Extensions.UnitTest", "CodeEndeavors.Extensions.UnitTest\CodeEndeavors.Extensions.UnitTest.csproj", "{FCC2B308-CD52-4D7E-89E9-81151821C6EB}"
EndProject
Global
	GlobalSection(SolutionConfigurationPlatforms) = preSolution
		Debug|Any CPU = Debug|Any CPU
		Release|Any CPU = Release|Any CPU
	EndGlobalSection
	GlobalSection(ProjectConfigurationPlatforms) = postSolution
		{AEF255A3-9CF0-42EF-96DE-DDCA673BF92E}.Debug|Any CPU.ActiveCfg = Debug|Any CPU
		{AEF255A3-9CF0-42EF-96DE-DDCA673BF92E}.Debug|Any CPU.Build.0 = Debug|Any CPU
		{AEF255A3-9CF0-42EF-96DE-DDCA673BF92E}.Release|Any CPU.ActiveCfg = Release|Any CPU
		{AEF255A3-9CF0-42EF-96DE-DDCA673BF92E}.Release|Any CPU.Build.0 = Release|Any CPU
		{FCC2B308-CD52-4D7E-89E9-81151821C6EB}.Debug|Any CPU.ActiveCfg = Debug|Any CPU
		{FCC2B308-CD52-4D7E-89E9-81151821C6EB}.Debug|Any CPU.Build.0 = Debug|Any CPU
		{FCC2B308-CD52-4D7E-89E9-81151821C6EB}.Release|Any CPU.ActiveCfg = Release|Any CPU
		{FCC2B308-CD52-4D7E-89E9-81151821C6EB}.Release|Any CPU.Build.0 = Release|Any CPU
	EndGlobalSection
	GlobalSection(SolutionProperties) = preSolution
		HideSolutionNode = FALSE
	EndGlobalSection
	GlobalSection(ExtensibilityGlobals) = postSolution
		SolutionGuid = {45C501CA-27D9-4539-85E4-2FC8A52C7E99}
	EndGlobalSection
EndGlobal
